
Microsoft Visual Studio Solution File, Format Version 12.00
# Visual Studio Version 16
VisualStudioVersion = 16.0.29911.84
MinimumVisualStudioVersion = 10.0.40219.1
Project("{9A19103F-16F7-4668-BE54-9A1E7A4F7556}") = "CalcuNOT_BL", "CalcuNOT_BL.csproj", "{32494CB1-3C15-4CFA-9322-1EC4DB757968}"
EndProject
Project("{FAE04EC0-301F-11D3-BF4B-00C04F79EFBC}") = "CalcuNOT_Tests", "..\CalcuNOT_Tests\CalcuNOT_Tests.csproj", "{6B6D3425-70FF-4144-9320-ED9ED5145FDC}"
EndProject
Global
	GlobalSection(SolutionConfigurationPlatforms) = preSolution
		Debug|Any CPU = Debug|Any CPU
		Release|Any CPU = Release|Any CPU
	EndGlobalSection
	GlobalSection(ProjectConfigurationPlatforms) = postSolution
		{32494CB1-3C15-4CFA-9322-1EC4DB757968}.Debug|Any CPU.ActiveCfg = Debug|Any CPU
		{32494CB1-3C15-4CFA-9322-1EC4DB757968}.Debug|Any CPU.Build.0 = Debug|Any CPU
		{32494CB1-3C15-4CFA-9322-1EC4DB757968}.Release|Any CPU.ActiveCfg = Release|Any CPU
		{32494CB1-3C15-4CFA-9322-1EC4DB757968}.Release|Any CPU.Build.0 = Release|Any CPU
		{6B6D3425-70FF-4144-9320-ED9ED5145FDC}.Debug|Any CPU.ActiveCfg = Debug|Any CPU
		{6B6D3425-70FF-4144-9320-ED9ED5145FDC}.Debug|Any CPU.Build.0 = Debug|Any CPU
		{6B6D3425-70FF-4144-9320-ED9ED5145FDC}.Release|Any CPU.ActiveCfg = Release|Any CPU
		{6B6D3425-70FF-4144-9320-ED9ED5145FDC}.Release|Any CPU.Build.0 = Release|Any CPU
	EndGlobalSection
	GlobalSection(SolutionProperties) = preSolution
		HideSolutionNode = FALSE
	EndGlobalSection
	GlobalSection(ExtensibilityGlobals) = postSolution
		SolutionGuid = {A7F611A4-9CEF-46A5-84C8-0C996EE2DF83}
	EndGlobalSection
EndGlobal
